
Microsoft Visual Studio Solution File, Format Version 12.00
# Visual Studio Version 16
VisualStudioVersion = 16.0.29306.81
MinimumVisualStudioVersion = 10.0.40219.1
Project("{FAE04EC0-301F-11D3-BF4B-00C04F79EFBC}") = "MultiVariateNetworkExplorer", "MultiVariateNetworkExplorer\MultiVariateNetworkExplorer.csproj", "{DDFE08BF-119E-46BC-9431-CD82DD9C056D}"
EndProject
Project("{FAE04EC0-301F-11D3-BF4B-00C04F79EFBC}") = "DataUtility", "DataUtility\DataUtility.csproj", "{C2DD92B9-1DDA-430E-A147-BB7BD6A53CCC}"
EndProject
Project("{FAE04EC0-301F-11D3-BF4B-00C04F79EFBC}") = "TestApp", "TestApp\TestApp.csproj", "{41544AC6-759B-4390-ADE8-6AA9091D4514}"
EndProject
Global
	GlobalSection(SolutionConfigurationPlatforms) = preSolution
		Debug|Any CPU = Debug|Any CPU
		Release|Any CPU = Release|Any CPU
	EndGlobalSection
	GlobalSection(ProjectConfigurationPlatforms) = postSolution
		{DDFE08BF-119E-46BC-9431-CD82DD9C056D}.Debug|Any CPU.ActiveCfg = Debug|Any CPU
		{DDFE08BF-119E-46BC-9431-CD82DD9C056D}.Debug|Any CPU.Build.0 = Debug|Any CPU
		{DDFE08BF-119E-46BC-9431-CD82DD9C056D}.Release|Any CPU.ActiveCfg = Release|Any CPU
		{DDFE08BF-119E-46BC-9431-CD82DD9C056D}.Release|Any CPU.Build.0 = Release|Any CPU
		{C2DD92B9-1DDA-430E-A147-BB7BD6A53CCC}.Debug|Any CPU.ActiveCfg = Debug|Any CPU
		{C2DD92B9-1DDA-430E-A147-BB7BD6A53CCC}.Debug|Any CPU.Build.0 = Debug|Any CPU
		{C2DD92B9-1DDA-430E-A147-BB7BD6A53CCC}.Release|Any CPU.ActiveCfg = Release|Any CPU
		{C2DD92B9-1DDA-430E-A147-BB7BD6A53CCC}.Release|Any CPU.Build.0 = Release|Any CPU
		{41544AC6-759B-4390-ADE8-6AA9091D4514}.Debug|Any CPU.ActiveCfg = Debug|Any CPU
		{41544AC6-759B-4390-ADE8-6AA9091D4514}.Debug|Any CPU.Build.0 = Debug|Any CPU
		{41544AC6-759B-4390-ADE8-6AA9091D4514}.Release|Any CPU.ActiveCfg = Release|Any CPU
		{41544AC6-759B-4390-ADE8-6AA9091D4514}.Release|Any CPU.Build.0 = Release|Any CPU
	EndGlobalSection
	GlobalSection(SolutionProperties) = preSolution
		HideSolutionNode = FALSE
	EndGlobalSection
	GlobalSection(ExtensibilityGlobals) = postSolution
		SolutionGuid = {74CCE4B5-A803-4069-8878-78D8A7AE5134}
	EndGlobalSection
EndGlobal
