
Microsoft Visual Studio Solution File, Format Version 12.00
# Visual Studio Version 16
VisualStudioVersion = 16.0.29306.81
MinimumVisualStudioVersion = 10.0.40219.1
Project("{9A19103F-16F7-4668-BE54-9A1E7A4F7556}") = "DataUtility", "DataUtility\DataUtility.csproj", "{C2DD92B9-1DDA-430E-A147-BB7BD6A53CCC}"
EndProject
Project("{9A19103F-16F7-4668-BE54-9A1E7A4F7556}") = "TestApp", "TestApp\TestApp.csproj", "{41544AC6-759B-4390-ADE8-6AA9091D4514}"
EndProject
Project("{9A19103F-16F7-4668-BE54-9A1E7A4F7556}") = "MultiVariateNetworkExplorer2", "MultiVariateNetworkExplorer2\MultiVariateNetworkExplorer2.csproj", "{13BF8A43-5C94-4464-89AD-93AE1E4788C3}"
EndProject
Global
	GlobalSection(SolutionConfigurationPlatforms) = preSolution
		Debug|Any CPU = Debug|Any CPU
		Release|Any CPU = Release|Any CPU
	EndGlobalSection
	GlobalSection(ProjectConfigurationPlatforms) = postSolution
		{C2DD92B9-1DDA-430E-A147-BB7BD6A53CCC}.Debug|Any CPU.ActiveCfg = Debug|Any CPU
		{C2DD92B9-1DDA-430E-A147-BB7BD6A53CCC}.Debug|Any CPU.Build.0 = Debug|Any CPU
		{C2DD92B9-1DDA-430E-A147-BB7BD6A53CCC}.Release|Any CPU.ActiveCfg = Release|Any CPU
		{C2DD92B9-1DDA-430E-A147-BB7BD6A53CCC}.Release|Any CPU.Build.0 = Release|Any CPU
		{41544AC6-759B-4390-ADE8-6AA9091D4514}.Debug|Any CPU.ActiveCfg = Debug|Any CPU
		{41544AC6-759B-4390-ADE8-6AA9091D4514}.Debug|Any CPU.Build.0 = Debug|Any CPU
		{41544AC6-759B-4390-ADE8-6AA9091D4514}.Release|Any CPU.ActiveCfg = Release|Any CPU
		{41544AC6-759B-4390-ADE8-6AA9091D4514}.Release|Any CPU.Build.0 = Release|Any CPU
		{13BF8A43-5C94-4464-89AD-93AE1E4788C3}.Debug|Any CPU.ActiveCfg = Debug|Any CPU
		{13BF8A43-5C94-4464-89AD-93AE1E4788C3}.Debug|Any CPU.Build.0 = Debug|Any CPU
		{13BF8A43-5C94-4464-89AD-93AE1E4788C3}.Release|Any CPU.ActiveCfg = Release|Any CPU
		{13BF8A43-5C94-4464-89AD-93AE1E4788C3}.Release|Any CPU.Build.0 = Release|Any CPU
	EndGlobalSection
	GlobalSection(SolutionProperties) = preSolution
		HideSolutionNode = FALSE
	EndGlobalSection
	GlobalSection(ExtensibilityGlobals) = postSolution
		SolutionGuid = {74CCE4B5-A803-4069-8878-78D8A7AE5134}
	EndGlobalSection
EndGlobal
